// !$*UTF8*$!
{
	archiveVersion = 1;
	classes = {
	};
	objectVersion = 55;
	objects = {

/* Begin PBXBuildFile section */
		B4FA73D0281427630097AD1C /* AppDelegate.swift in Sources */ = {isa = PBXBuildFile; fileRef = B4FA73CF281427630097AD1C /* AppDelegate.swift */; };
		B4FA73D4281427630097AD1C /* MainTabBarViewController.swift in Sources */ = {isa = PBXBuildFile; fileRef = B4FA73D3281427630097AD1C /* MainTabBarViewController.swift */; };
		B4FA73D9281427690097AD1C /* Assets.xcassets in Resources */ = {isa = PBXBuildFile; fileRef = B4FA73D8281427690097AD1C /* Assets.xcassets */; };
		B4FA73DC281427690097AD1C /* LaunchScreen.storyboard in Resources */ = {isa = PBXBuildFile; fileRef = B4FA73DA281427690097AD1C /* LaunchScreen.storyboard */; };
		B4FA73E7281427690097AD1C /* NetflixClone_SampleTests.swift in Sources */ = {isa = PBXBuildFile; fileRef = B4FA73E6281427690097AD1C /* NetflixClone_SampleTests.swift */; };
		B4FA73F1281427690097AD1C /* NetflixClone_SampleUITests.swift in Sources */ = {isa = PBXBuildFile; fileRef = B4FA73F0281427690097AD1C /* NetflixClone_SampleUITests.swift */; };
		B4FA73F3281427690097AD1C /* NetflixClone_SampleUITestsLaunchTests.swift in Sources */ = {isa = PBXBuildFile; fileRef = B4FA73F2281427690097AD1C /* NetflixClone_SampleUITestsLaunchTests.swift */; };
		B4FA74082814F20A0097AD1C /* NetflixCloneModel.xcdatamodeld in Sources */ = {isa = PBXBuildFile; fileRef = B4FA74062814F20A0097AD1C /* NetflixCloneModel.xcdatamodeld */; };
		B4FA740A2814F23C0097AD1C /* Extensions.swift in Sources */ = {isa = PBXBuildFile; fileRef = B4FA74092814F23C0097AD1C /* Extensions.swift */; };
		B4FA740C281626490097AD1C /* APICaller.swift in Sources */ = {isa = PBXBuildFile; fileRef = B4FA740B281626490097AD1C /* APICaller.swift */; };
		B4FA740E281626600097AD1C /* DataPersistenceManager.swift in Sources */ = {isa = PBXBuildFile; fileRef = B4FA740D281626600097AD1C /* DataPersistenceManager.swift */; };
		B4FA7410281626B00097AD1C /* Title.swift in Sources */ = {isa = PBXBuildFile; fileRef = B4FA740F281626B00097AD1C /* Title.swift */; };
		B4FA7412281626D70097AD1C /* YoutubeSearchResponse.swift in Sources */ = {isa = PBXBuildFile; fileRef = B4FA7411281626D70097AD1C /* YoutubeSearchResponse.swift */; };
		B4FA7414281626F70097AD1C /* CollectionViewTableViewCell.swift in Sources */ = {isa = PBXBuildFile; fileRef = B4FA7413281626F70097AD1C /* CollectionViewTableViewCell.swift */; };
		B4FA7416281627180097AD1C /* HeroHeaderUIView.swift in Sources */ = {isa = PBXBuildFile; fileRef = B4FA7415281627180097AD1C /* HeroHeaderUIView.swift */; };
		B4FA7418281627310097AD1C /* TitleCollectionViewCell.swift in Sources */ = {isa = PBXBuildFile; fileRef = B4FA7417281627310097AD1C /* TitleCollectionViewCell.swift */; };
		B4FA741A281627590097AD1C /* TitleTableViewCell.swift in Sources */ = {isa = PBXBuildFile; fileRef = B4FA7419281627590097AD1C /* TitleTableViewCell.swift */; };
		B4FA741C281627810097AD1C /* TitleViewModel.swift in Sources */ = {isa = PBXBuildFile; fileRef = B4FA741B281627810097AD1C /* TitleViewModel.swift */; };
		B4FA741E2816279B0097AD1C /* TitlePreviewViewModel.swift in Sources */ = {isa = PBXBuildFile; fileRef = B4FA741D2816279B0097AD1C /* TitlePreviewViewModel.swift */; };
		B4FA7422281627E70097AD1C /* SearchResultsViewController.swift in Sources */ = {isa = PBXBuildFile; fileRef = B4FA7421281627E70097AD1C /* SearchResultsViewController.swift */; };
		B4FA74242816280D0097AD1C /* TitlePreviewViewController.swift in Sources */ = {isa = PBXBuildFile; fileRef = B4FA74232816280D0097AD1C /* TitlePreviewViewController.swift */; };
		B4FA7426281628300097AD1C /* HomeViewController.swift in Sources */ = {isa = PBXBuildFile; fileRef = B4FA7425281628300097AD1C /* HomeViewController.swift */; };
		B4FA7428281628610097AD1C /* UpcomingViewController.swift in Sources */ = {isa = PBXBuildFile; fileRef = B4FA7427281628610097AD1C /* UpcomingViewController.swift */; };
		B4FA742A281628870097AD1C /* SearchViewController.swift in Sources */ = {isa = PBXBuildFile; fileRef = B4FA7429281628870097AD1C /* SearchViewController.swift */; };
		B4FA742C2816289F0097AD1C /* DownloadsViewController.swift in Sources */ = {isa = PBXBuildFile; fileRef = B4FA742B2816289F0097AD1C /* DownloadsViewController.swift */; };
		B4FA742F281628E80097AD1C /* SDWebImage in Frameworks */ = {isa = PBXBuildFile; productRef = B4FA742E281628E80097AD1C /* SDWebImage */; };
		B4FA7431281628E80097AD1C /* SDWebImageMapKit in Frameworks */ = {isa = PBXBuildFile; productRef = B4FA7430281628E80097AD1C /* SDWebImageMapKit */; };
/* End PBXBuildFile section */

/* Begin PBXContainerItemProxy section */
		B4FA73E3281427690097AD1C /* PBXContainerItemProxy */ = {
			isa = PBXContainerItemProxy;
			containerPortal = B4FA73C4281427630097AD1C /* Project object */;
			proxyType = 1;
			remoteGlobalIDString = B4FA73CB281427630097AD1C;
			remoteInfo = "NetflixClone-Sample";
		};
		B4FA73ED281427690097AD1C /* PBXContainerItemProxy */ = {
			isa = PBXContainerItemProxy;
			containerPortal = B4FA73C4281427630097AD1C /* Project object */;
			proxyType = 1;
			remoteGlobalIDString = B4FA73CB281427630097AD1C;
			remoteInfo = "NetflixClone-Sample";
		};
/* End PBXContainerItemProxy section */

/* Begin PBXFileReference section */
		B4FA73CC281427630097AD1C /* NetflixClone-Sample.app */ = {isa = PBXFileReference; explicitFileType = wrapper.application; includeInIndex = 0; path = "NetflixClone-Sample.app"; sourceTree = BUILT_PRODUCTS_DIR; };
		B4FA73CF281427630097AD1C /* AppDelegate.swift */ = {isa = PBXFileReference; lastKnownFileType = sourcecode.swift; path = AppDelegate.swift; sourceTree = "<group>"; };
		B4FA73D3281427630097AD1C /* MainTabBarViewController.swift */ = {isa = PBXFileReference; lastKnownFileType = sourcecode.swift; path = MainTabBarViewController.swift; sourceTree = "<group>"; };
		B4FA73D8281427690097AD1C /* Assets.xcassets */ = {isa = PBXFileReference; lastKnownFileType = folder.assetcatalog; path = Assets.xcassets; sourceTree = "<group>"; };
		B4FA73DB281427690097AD1C /* Base */ = {isa = PBXFileReference; lastKnownFileType = file.storyboard; name = Base; path = Base.lproj/LaunchScreen.storyboard; sourceTree = "<group>"; };
		B4FA73DD281427690097AD1C /* Info.plist */ = {isa = PBXFileReference; lastKnownFileType = text.plist.xml; path = Info.plist; sourceTree = "<group>"; };
		B4FA73E2281427690097AD1C /* NetflixClone-SampleTests.xctest */ = {isa = PBXFileReference; explicitFileType = wrapper.cfbundle; includeInIndex = 0; path = "NetflixClone-SampleTests.xctest"; sourceTree = BUILT_PRODUCTS_DIR; };
		B4FA73E6281427690097AD1C /* NetflixClone_SampleTests.swift */ = {isa = PBXFileReference; lastKnownFileType = sourcecode.swift; path = NetflixClone_SampleTests.swift; sourceTree = "<group>"; };
		B4FA73EC281427690097AD1C /* NetflixClone-SampleUITests.xctest */ = {isa = PBXFileReference; explicitFileType = wrapper.cfbundle; includeInIndex = 0; path = "NetflixClone-SampleUITests.xctest"; sourceTree = BUILT_PRODUCTS_DIR; };
		B4FA73F0281427690097AD1C /* NetflixClone_SampleUITests.swift */ = {isa = PBXFileReference; lastKnownFileType = sourcecode.swift; path = NetflixClone_SampleUITests.swift; sourceTree = "<group>"; };
		B4FA73F2281427690097AD1C /* NetflixClone_SampleUITestsLaunchTests.swift */ = {isa = PBXFileReference; lastKnownFileType = sourcecode.swift; path = NetflixClone_SampleUITestsLaunchTests.swift; sourceTree = "<group>"; };
		B4FA74072814F20A0097AD1C /* NetflixCloneModel.xcdatamodel */ = {isa = PBXFileReference; lastKnownFileType = wrapper.xcdatamodel; path = NetflixCloneModel.xcdatamodel; sourceTree = "<group>"; };
		B4FA74092814F23C0097AD1C /* Extensions.swift */ = {isa = PBXFileReference; lastKnownFileType = sourcecode.swift; path = Extensions.swift; sourceTree = "<group>"; };
		B4FA740B281626490097AD1C /* APICaller.swift */ = {isa = PBXFileReference; lastKnownFileType = sourcecode.swift; path = APICaller.swift; sourceTree = "<group>"; };
		B4FA740D281626600097AD1C /* DataPersistenceManager.swift */ = {isa = PBXFileReference; lastKnownFileType = sourcecode.swift; path = DataPersistenceManager.swift; sourceTree = "<group>"; };
		B4FA740F281626B00097AD1C /* Title.swift */ = {isa = PBXFileReference; lastKnownFileType = sourcecode.swift; path = Title.swift; sourceTree = "<group>"; };
		B4FA7411281626D70097AD1C /* YoutubeSearchResponse.swift */ = {isa = PBXFileReference; lastKnownFileType = sourcecode.swift; path = YoutubeSearchResponse.swift; sourceTree = "<group>"; };
		B4FA7413281626F70097AD1C /* CollectionViewTableViewCell.swift */ = {isa = PBXFileReference; lastKnownFileType = sourcecode.swift; path = CollectionViewTableViewCell.swift; sourceTree = "<group>"; };
		B4FA7415281627180097AD1C /* HeroHeaderUIView.swift */ = {isa = PBXFileReference; lastKnownFileType = sourcecode.swift; path = HeroHeaderUIView.swift; sourceTree = "<group>"; };
		B4FA7417281627310097AD1C /* TitleCollectionViewCell.swift */ = {isa = PBXFileReference; lastKnownFileType = sourcecode.swift; path = TitleCollectionViewCell.swift; sourceTree = "<group>"; };
		B4FA7419281627590097AD1C /* TitleTableViewCell.swift */ = {isa = PBXFileReference; lastKnownFileType = sourcecode.swift; path = TitleTableViewCell.swift; sourceTree = "<group>"; };
		B4FA741B281627810097AD1C /* TitleViewModel.swift */ = {isa = PBXFileReference; lastKnownFileType = sourcecode.swift; path = TitleViewModel.swift; sourceTree = "<group>"; };
		B4FA741D2816279B0097AD1C /* TitlePreviewViewModel.swift */ = {isa = PBXFileReference; lastKnownFileType = sourcecode.swift; path = TitlePreviewViewModel.swift; sourceTree = "<group>"; };
		B4FA7421281627E70097AD1C /* SearchResultsViewController.swift */ = {isa = PBXFileReference; lastKnownFileType = sourcecode.swift; path = SearchResultsViewController.swift; sourceTree = "<group>"; };
		B4FA74232816280D0097AD1C /* TitlePreviewViewController.swift */ = {isa = PBXFileReference; lastKnownFileType = sourcecode.swift; path = TitlePreviewViewController.swift; sourceTree = "<group>"; };
		B4FA7425281628300097AD1C /* HomeViewController.swift */ = {isa = PBXFileReference; lastKnownFileType = sourcecode.swift; path = HomeViewController.swift; sourceTree = "<group>"; };
		B4FA7427281628610097AD1C /* UpcomingViewController.swift */ = {isa = PBXFileReference; lastKnownFileType = sourcecode.swift; path = UpcomingViewController.swift; sourceTree = "<group>"; };
		B4FA7429281628870097AD1C /* SearchViewController.swift */ = {isa = PBXFileReference; lastKnownFileType = sourcecode.swift; path = SearchViewController.swift; sourceTree = "<group>"; };
		B4FA742B2816289F0097AD1C /* DownloadsViewController.swift */ = {isa = PBXFileReference; lastKnownFileType = sourcecode.swift; path = DownloadsViewController.swift; sourceTree = "<group>"; };
/* End PBXFileReference section */

/* Begin PBXFrameworksBuildPhase section */
		B4FA73C9281427630097AD1C /* Frameworks */ = {
			isa = PBXFrameworksBuildPhase;
			buildActionMask = 2147483647;
			files = (
				B4FA7431281628E80097AD1C /* SDWebImageMapKit in Frameworks */,
				B4FA742F281628E80097AD1C /* SDWebImage in Frameworks */,
			);
			runOnlyForDeploymentPostprocessing = 0;
		};
		B4FA73DF281427690097AD1C /* Frameworks */ = {
			isa = PBXFrameworksBuildPhase;
			buildActionMask = 2147483647;
			files = (
			);
			runOnlyForDeploymentPostprocessing = 0;
		};
		B4FA73E9281427690097AD1C /* Frameworks */ = {
			isa = PBXFrameworksBuildPhase;
			buildActionMask = 2147483647;
			files = (
			);
			runOnlyForDeploymentPostprocessing = 0;
		};
/* End PBXFrameworksBuildPhase section */

/* Begin PBXGroup section */
		B4FA73C3281427630097AD1C = {
			isa = PBXGroup;
			children = (
				B4FA73CE281427630097AD1C /* NetflixClone-Sample */,
				B4FA73E5281427690097AD1C /* NetflixClone-SampleTests */,
				B4FA73EF281427690097AD1C /* NetflixClone-SampleUITests */,
				B4FA73CD281427630097AD1C /* Products */,
			);
			sourceTree = "<group>";
		};
		B4FA73CD281427630097AD1C /* Products */ = {
			isa = PBXGroup;
			children = (
				B4FA73CC281427630097AD1C /* NetflixClone-Sample.app */,
				B4FA73E2281427690097AD1C /* NetflixClone-SampleTests.xctest */,
				B4FA73EC281427690097AD1C /* NetflixClone-SampleUITests.xctest */,
			);
			name = Products;
			sourceTree = "<group>";
		};
		B4FA73CE281427630097AD1C /* NetflixClone-Sample */ = {
			isa = PBXGroup;
			children = (
				B4FA74052814E6780097AD1C /* Controller */,
				B4FA74042814E5CC0097AD1C /* ViewModel */,
				B4FA74032814E5BF0097AD1C /* View */,
				B4FA74022814E5B80097AD1C /* Model */,
				B4FA7400281429730097AD1C /* Resource */,
				B4FA73FF2814295E0097AD1C /* Managers */,
				B4FA73D8281427690097AD1C /* Assets.xcassets */,
				B4FA73DA281427690097AD1C /* LaunchScreen.storyboard */,
				B4FA73DD281427690097AD1C /* Info.plist */,
				B4FA74062814F20A0097AD1C /* NetflixCloneModel.xcdatamodeld */,
			);
			path = "NetflixClone-Sample";
			sourceTree = "<group>";
		};
		B4FA73E5281427690097AD1C /* NetflixClone-SampleTests */ = {
			isa = PBXGroup;
			children = (
				B4FA73E6281427690097AD1C /* NetflixClone_SampleTests.swift */,
			);
			path = "NetflixClone-SampleTests";
			sourceTree = "<group>";
		};
		B4FA73EF281427690097AD1C /* NetflixClone-SampleUITests */ = {
			isa = PBXGroup;
			children = (
				B4FA73F0281427690097AD1C /* NetflixClone_SampleUITests.swift */,
				B4FA73F2281427690097AD1C /* NetflixClone_SampleUITestsLaunchTests.swift */,
			);
			path = "NetflixClone-SampleUITests";
			sourceTree = "<group>";
		};
		B4FA73FF2814295E0097AD1C /* Managers */ = {
			isa = PBXGroup;
			children = (
				B4FA740B281626490097AD1C /* APICaller.swift */,
				B4FA740D281626600097AD1C /* DataPersistenceManager.swift */,
			);
			path = Managers;
			sourceTree = "<group>";
		};
		B4FA7400281429730097AD1C /* Resource */ = {
			isa = PBXGroup;
			children = (
				B4FA73CF281427630097AD1C /* AppDelegate.swift */,
				B4FA74092814F23C0097AD1C /* Extensions.swift */,
			);
			path = Resource;
			sourceTree = "<group>";
		};
		B4FA74022814E5B80097AD1C /* Model */ = {
			isa = PBXGroup;
			children = (
				B4FA740F281626B00097AD1C /* Title.swift */,
				B4FA7411281626D70097AD1C /* YoutubeSearchResponse.swift */,
			);
			path = Model;
			sourceTree = "<group>";
		};
		B4FA74032814E5BF0097AD1C /* View */ = {
			isa = PBXGroup;
			children = (
				B4FA7413281626F70097AD1C /* CollectionViewTableViewCell.swift */,
				B4FA7415281627180097AD1C /* HeroHeaderUIView.swift */,
				B4FA7417281627310097AD1C /* TitleCollectionViewCell.swift */,
				B4FA7419281627590097AD1C /* TitleTableViewCell.swift */,
			);
			path = View;
			sourceTree = "<group>";
		};
		B4FA74042814E5CC0097AD1C /* ViewModel */ = {
			isa = PBXGroup;
			children = (
				B4FA741B281627810097AD1C /* TitleViewModel.swift */,
				B4FA741D2816279B0097AD1C /* TitlePreviewViewModel.swift */,
			);
			path = ViewModel;
			sourceTree = "<group>";
		};
		B4FA74052814E6780097AD1C /* Controller */ = {
			isa = PBXGroup;
			children = (
				B4FA7420281627C50097AD1C /* Core */,
				B4FA741F281627AE0097AD1C /* General */,
			);
			path = Controller;
			sourceTree = "<group>";
		};
		B4FA741F281627AE0097AD1C /* General */ = {
			isa = PBXGroup;
			children = (
				B4FA7421281627E70097AD1C /* SearchResultsViewController.swift */,
				B4FA74232816280D0097AD1C /* TitlePreviewViewController.swift */,
			);
			path = General;
			sourceTree = "<group>";
		};
		B4FA7420281627C50097AD1C /* Core */ = {
			isa = PBXGroup;
			children = (
				B4FA73D3281427630097AD1C /* MainTabBarViewController.swift */,
				B4FA7425281628300097AD1C /* HomeViewController.swift */,
				B4FA7427281628610097AD1C /* UpcomingViewController.swift */,
				B4FA7429281628870097AD1C /* SearchViewController.swift */,
				B4FA742B2816289F0097AD1C /* DownloadsViewController.swift */,
			);
			path = Core;
			sourceTree = "<group>";
		};
/* End PBXGroup section */

/* Begin PBXNativeTarget section */
		B4FA73CB281427630097AD1C /* NetflixClone-Sample */ = {
			isa = PBXNativeTarget;
			buildConfigurationList = B4FA73F6281427690097AD1C /* Build configuration list for PBXNativeTarget "NetflixClone-Sample" */;
			buildPhases = (
				B4FA73C8281427630097AD1C /* Sources */,
				B4FA73C9281427630097AD1C /* Frameworks */,
				B4FA73CA281427630097AD1C /* Resources */,
			);
			buildRules = (
			);
			dependencies = (
			);
			name = "NetflixClone-Sample";
			packageProductDependencies = (
				B4FA742E281628E80097AD1C /* SDWebImage */,
				B4FA7430281628E80097AD1C /* SDWebImageMapKit */,
			);
			productName = "NetflixClone-Sample";
			productReference = B4FA73CC281427630097AD1C /* NetflixClone-Sample.app */;
			productType = "com.apple.product-type.application";
		};
		B4FA73E1281427690097AD1C /* NetflixClone-SampleTests */ = {
			isa = PBXNativeTarget;
			buildConfigurationList = B4FA73F9281427690097AD1C /* Build configuration list for PBXNativeTarget "NetflixClone-SampleTests" */;
			buildPhases = (
				B4FA73DE281427690097AD1C /* Sources */,
				B4FA73DF281427690097AD1C /* Frameworks */,
				B4FA73E0281427690097AD1C /* Resources */,
			);
			buildRules = (
			);
			dependencies = (
				B4FA73E4281427690097AD1C /* PBXTargetDependency */,
			);
			name = "NetflixClone-SampleTests";
			productName = "NetflixClone-SampleTests";
			productReference = B4FA73E2281427690097AD1C /* NetflixClone-SampleTests.xctest */;
			productType = "com.apple.product-type.bundle.unit-test";
		};
		B4FA73EB281427690097AD1C /* NetflixClone-SampleUITests */ = {
			isa = PBXNativeTarget;
			buildConfigurationList = B4FA73FC281427690097AD1C /* Build configuration list for PBXNativeTarget "NetflixClone-SampleUITests" */;
			buildPhases = (
				B4FA73E8281427690097AD1C /* Sources */,
				B4FA73E9281427690097AD1C /* Frameworks */,
				B4FA73EA281427690097AD1C /* Resources */,
			);
			buildRules = (
			);
			dependencies = (
				B4FA73EE281427690097AD1C /* PBXTargetDependency */,
			);
			name = "NetflixClone-SampleUITests";
			productName = "NetflixClone-SampleUITests";
			productReference = B4FA73EC281427690097AD1C /* NetflixClone-SampleUITests.xctest */;
			productType = "com.apple.product-type.bundle.ui-testing";
		};
/* End PBXNativeTarget section */

/* Begin PBXProject section */
		B4FA73C4281427630097AD1C /* Project object */ = {
			isa = PBXProject;
			attributes = {
				BuildIndependentTargetsInParallel = 1;
				LastSwiftUpdateCheck = 1320;
				LastUpgradeCheck = 1320;
				TargetAttributes = {
					B4FA73CB281427630097AD1C = {
						CreatedOnToolsVersion = 13.2.1;
					};
					B4FA73E1281427690097AD1C = {
						CreatedOnToolsVersion = 13.2.1;
						TestTargetID = B4FA73CB281427630097AD1C;
					};
					B4FA73EB281427690097AD1C = {
						CreatedOnToolsVersion = 13.2.1;
						TestTargetID = B4FA73CB281427630097AD1C;
					};
				};
			};
			buildConfigurationList = B4FA73C7281427630097AD1C /* Build configuration list for PBXProject "NetflixClone-Sample" */;
			compatibilityVersion = "Xcode 13.0";
			developmentRegion = en;
			hasScannedForEncodings = 0;
			knownRegions = (
				en,
				Base,
			);
			mainGroup = B4FA73C3281427630097AD1C;
			packageReferences = (
				B4FA742D281628E80097AD1C /* XCRemoteSwiftPackageReference "SDWebImage" */,
			);
			productRefGroup = B4FA73CD281427630097AD1C /* Products */;
			projectDirPath = "";
			projectRoot = "";
			targets = (
				B4FA73CB281427630097AD1C /* NetflixClone-Sample */,
				B4FA73E1281427690097AD1C /* NetflixClone-SampleTests */,
				B4FA73EB281427690097AD1C /* NetflixClone-SampleUITests */,
			);
		};
/* End PBXProject section */

/* Begin PBXResourcesBuildPhase section */
		B4FA73CA281427630097AD1C /* Resources */ = {
			isa = PBXResourcesBuildPhase;
			buildActionMask = 2147483647;
			files = (
				B4FA73DC281427690097AD1C /* LaunchScreen.storyboard in Resources */,
				B4FA73D9281427690097AD1C /* Assets.xcassets in Resources */,
			);
			runOnlyForDeploymentPostprocessing = 0;
		};
		B4FA73E0281427690097AD1C /* Resources */ = {
			isa = PBXResourcesBuildPhase;
			buildActionMask = 2147483647;
			files = (
			);
			runOnlyForDeploymentPostprocessing = 0;
		};
		B4FA73EA281427690097AD1C /* Resources */ = {
			isa = PBXResourcesBuildPhase;
			buildActionMask = 2147483647;
			files = (
			);
			runOnlyForDeploymentPostprocessing = 0;
		};
/* End PBXResourcesBuildPhase section */

/* Begin PBXSourcesBuildPhase section */
		B4FA73C8281427630097AD1C /* Sources */ = {
			isa = PBXSourcesBuildPhase;
			buildActionMask = 2147483647;
			files = (
				B4FA741E2816279B0097AD1C /* TitlePreviewViewModel.swift in Sources */,
				B4FA7412281626D70097AD1C /* YoutubeSearchResponse.swift in Sources */,
				B4FA7416281627180097AD1C /* HeroHeaderUIView.swift in Sources */,
				B4FA7426281628300097AD1C /* HomeViewController.swift in Sources */,
				B4FA742A281628870097AD1C /* SearchViewController.swift in Sources */,
				B4FA740A2814F23C0097AD1C /* Extensions.swift in Sources */,
				B4FA7422281627E70097AD1C /* SearchResultsViewController.swift in Sources */,
				B4FA73D4281427630097AD1C /* MainTabBarViewController.swift in Sources */,
				B4FA741A281627590097AD1C /* TitleTableViewCell.swift in Sources */,
				B4FA7410281626B00097AD1C /* Title.swift in Sources */,
				B4FA742C2816289F0097AD1C /* DownloadsViewController.swift in Sources */,
				B4FA7418281627310097AD1C /* TitleCollectionViewCell.swift in Sources */,
				B4FA73D0281427630097AD1C /* AppDelegate.swift in Sources */,
				B4FA7414281626F70097AD1C /* CollectionViewTableViewCell.swift in Sources */,
				B4FA7428281628610097AD1C /* UpcomingViewController.swift in Sources */,
				B4FA740E281626600097AD1C /* DataPersistenceManager.swift in Sources */,
				B4FA74242816280D0097AD1C /* TitlePreviewViewController.swift in Sources */,
				B4FA740C281626490097AD1C /* APICaller.swift in Sources */,
				B4FA74082814F20A0097AD1C /* NetflixCloneModel.xcdatamodeld in Sources */,
				B4FA741C281627810097AD1C /* TitleViewModel.swift in Sources */,
			);
			runOnlyForDeploymentPostprocessing = 0;
		};
		B4FA73DE281427690097AD1C /* Sources */ = {
			isa = PBXSourcesBuildPhase;
			buildActionMask = 2147483647;
			files = (
				B4FA73E7281427690097AD1C /* NetflixClone_SampleTests.swift in Sources */,
			);
			runOnlyForDeploymentPostprocessing = 0;
		};
		B4FA73E8281427690097AD1C /* Sources */ = {
			isa = PBXSourcesBuildPhase;
			buildActionMask = 2147483647;
			files = (
				B4FA73F1281427690097AD1C /* NetflixClone_SampleUITests.swift in Sources */,
				B4FA73F3281427690097AD1C /* NetflixClone_SampleUITestsLaunchTests.swift in Sources */,
			);
			runOnlyForDeploymentPostprocessing = 0;
		};
/* End PBXSourcesBuildPhase section */

/* Begin PBXTargetDependency section */
		B4FA73E4281427690097AD1C /* PBXTargetDependency */ = {
			isa = PBXTargetDependency;
			target = B4FA73CB281427630097AD1C /* NetflixClone-Sample */;
			targetProxy = B4FA73E3281427690097AD1C /* PBXContainerItemProxy */;
		};
		B4FA73EE281427690097AD1C /* PBXTargetDependency */ = {
			isa = PBXTargetDependency;
			target = B4FA73CB281427630097AD1C /* NetflixClone-Sample */;
			targetProxy = B4FA73ED281427690097AD1C /* PBXContainerItemProxy */;
		};
/* End PBXTargetDependency section */

/* Begin PBXVariantGroup section */
		B4FA73DA281427690097AD1C /* LaunchScreen.storyboard */ = {
			isa = PBXVariantGroup;
			children = (
				B4FA73DB281427690097AD1C /* Base */,
			);
			name = LaunchScreen.storyboard;
			sourceTree = "<group>";
		};
/* End PBXVariantGroup section */

/* Begin XCBuildConfiguration section */
		B4FA73F4281427690097AD1C /* Debug */ = {
			isa = XCBuildConfiguration;
			buildSettings = {
				ALWAYS_SEARCH_USER_PATHS = NO;
				CLANG_ANALYZER_NONNULL = YES;
				CLANG_ANALYZER_NUMBER_OBJECT_CONVERSION = YES_AGGRESSIVE;
				CLANG_CXX_LANGUAGE_STANDARD = "gnu++17";
				CLANG_CXX_LIBRARY = "libc++";
				CLANG_ENABLE_MODULES = YES;
				CLANG_ENABLE_OBJC_ARC = YES;
				CLANG_ENABLE_OBJC_WEAK = YES;
				CLANG_WARN_BLOCK_CAPTURE_AUTORELEASING = YES;
				CLANG_WARN_BOOL_CONVERSION = YES;
				CLANG_WARN_COMMA = YES;
				CLANG_WARN_CONSTANT_CONVERSION = YES;
				CLANG_WARN_DEPRECATED_OBJC_IMPLEMENTATIONS = YES;
				CLANG_WARN_DIRECT_OBJC_ISA_USAGE = YES_ERROR;
				CLANG_WARN_DOCUMENTATION_COMMENTS = YES;
				CLANG_WARN_EMPTY_BODY = YES;
				CLANG_WARN_ENUM_CONVERSION = YES;
				CLANG_WARN_INFINITE_RECURSION = YES;
				CLANG_WARN_INT_CONVERSION = YES;
				CLANG_WARN_NON_LITERAL_NULL_CONVERSION = YES;
				CLANG_WARN_OBJC_IMPLICIT_RETAIN_SELF = YES;
				CLANG_WARN_OBJC_LITERAL_CONVERSION = YES;
				CLANG_WARN_OBJC_ROOT_CLASS = YES_ERROR;
				CLANG_WARN_QUOTED_INCLUDE_IN_FRAMEWORK_HEADER = YES;
				CLANG_WARN_RANGE_LOOP_ANALYSIS = YES;
				CLANG_WARN_STRICT_PROTOTYPES = YES;
				CLANG_WARN_SUSPICIOUS_MOVE = YES;
				CLANG_WARN_UNGUARDED_AVAILABILITY = YES_AGGRESSIVE;
				CLANG_WARN_UNREACHABLE_CODE = YES;
				CLANG_WARN__DUPLICATE_METHOD_MATCH = YES;
				COPY_PHASE_STRIP = NO;
				DEBUG_INFORMATION_FORMAT = dwarf;
				ENABLE_STRICT_OBJC_MSGSEND = YES;
				ENABLE_TESTABILITY = YES;
				GCC_C_LANGUAGE_STANDARD = gnu11;
				GCC_DYNAMIC_NO_PIC = NO;
				GCC_NO_COMMON_BLOCKS = YES;
				GCC_OPTIMIZATION_LEVEL = 0;
				GCC_PREPROCESSOR_DEFINITIONS = (
					"DEBUG=1",
					"$(inherited)",
				);
				GCC_WARN_64_TO_32_BIT_CONVERSION = YES;
				GCC_WARN_ABOUT_RETURN_TYPE = YES_ERROR;
				GCC_WARN_UNDECLARED_SELECTOR = YES;
				GCC_WARN_UNINITIALIZED_AUTOS = YES_AGGRESSIVE;
				GCC_WARN_UNUSED_FUNCTION = YES;
				GCC_WARN_UNUSED_VARIABLE = YES;
				IPHONEOS_DEPLOYMENT_TARGET = 15.0;
				MTL_ENABLE_DEBUG_INFO = INCLUDE_SOURCE;
				MTL_FAST_MATH = YES;
				ONLY_ACTIVE_ARCH = YES;
				SDKROOT = iphoneos;
				SWIFT_ACTIVE_COMPILATION_CONDITIONS = DEBUG;
				SWIFT_OPTIMIZATION_LEVEL = "-Onone";
			};
			name = Debug;
		};
		B4FA73F5281427690097AD1C /* Release */ = {
			isa = XCBuildConfiguration;
			buildSettings = {
				ALWAYS_SEARCH_USER_PATHS = NO;
				CLANG_ANALYZER_NONNULL = YES;
				CLANG_ANALYZER_NUMBER_OBJECT_CONVERSION = YES_AGGRESSIVE;
				CLANG_CXX_LANGUAGE_STANDARD = "gnu++17";
				CLANG_CXX_LIBRARY = "libc++";
				CLANG_ENABLE_MODULES = YES;
				CLANG_ENABLE_OBJC_ARC = YES;
				CLANG_ENABLE_OBJC_WEAK = YES;
				CLANG_WARN_BLOCK_CAPTURE_AUTORELEASING = YES;
				CLANG_WARN_BOOL_CONVERSION = YES;
				CLANG_WARN_COMMA = YES;
				CLANG_WARN_CONSTANT_CONVERSION = YES;
				CLANG_WARN_DEPRECATED_OBJC_IMPLEMENTATIONS = YES;
				CLANG_WARN_DIRECT_OBJC_ISA_USAGE = YES_ERROR;
				CLANG_WARN_DOCUMENTATION_COMMENTS = YES;
				CLANG_WARN_EMPTY_BODY = YES;
				CLANG_WARN_ENUM_CONVERSION = YES;
				CLANG_WARN_INFINITE_RECURSION = YES;
				CLANG_WARN_INT_CONVERSION = YES;
				CLANG_WARN_NON_LITERAL_NULL_CONVERSION = YES;
				CLANG_WARN_OBJC_IMPLICIT_RETAIN_SELF = YES;
				CLANG_WARN_OBJC_LITERAL_CONVERSION = YES;
				CLANG_WARN_OBJC_ROOT_CLASS = YES_ERROR;
				CLANG_WARN_QUOTED_INCLUDE_IN_FRAMEWORK_HEADER = YES;
				CLANG_WARN_RANGE_LOOP_ANALYSIS = YES;
				CLANG_WARN_STRICT_PROTOTYPES = YES;
				CLANG_WARN_SUSPICIOUS_MOVE = YES;
				CLANG_WARN_UNGUARDED_AVAILABILITY = YES_AGGRESSIVE;
				CLANG_WARN_UNREACHABLE_CODE = YES;
				CLANG_WARN__DUPLICATE_METHOD_MATCH = YES;
				COPY_PHASE_STRIP = NO;
				DEBUG_INFORMATION_FORMAT = "dwarf-with-dsym";
				ENABLE_NS_ASSERTIONS = NO;
				ENABLE_STRICT_OBJC_MSGSEND = YES;
				GCC_C_LANGUAGE_STANDARD = gnu11;
				GCC_NO_COMMON_BLOCKS = YES;
				GCC_WARN_64_TO_32_BIT_CONVERSION = YES;
				GCC_WARN_ABOUT_RETURN_TYPE = YES_ERROR;
				GCC_WARN_UNDECLARED_SELECTOR = YES;
				GCC_WARN_UNINITIALIZED_AUTOS = YES_AGGRESSIVE;
				GCC_WARN_UNUSED_FUNCTION = YES;
				GCC_WARN_UNUSED_VARIABLE = YES;
				IPHONEOS_DEPLOYMENT_TARGET = 15.0;
				MTL_ENABLE_DEBUG_INFO = NO;
				MTL_FAST_MATH = YES;
				SDKROOT = iphoneos;
				SWIFT_COMPILATION_MODE = wholemodule;
				SWIFT_OPTIMIZATION_LEVEL = "-O";
				VALIDATE_PRODUCT = YES;
			};
			name = Release;
		};
		B4FA73F7281427690097AD1C /* Debug */ = {
			isa = XCBuildConfiguration;
			buildSettings = {
				ASSETCATALOG_COMPILER_APPICON_NAME = AppIcon;
				ASSETCATALOG_COMPILER_GLOBAL_ACCENT_COLOR_NAME = AccentColor;
				CODE_SIGN_STYLE = Automatic;
				CURRENT_PROJECT_VERSION = 1;
				GENERATE_INFOPLIST_FILE = YES;
				INFOPLIST_FILE = "NetflixClone-Sample/Info.plist";
				INFOPLIST_KEY_UIApplicationSupportsIndirectInputEvents = YES;
				INFOPLIST_KEY_UILaunchStoryboardName = LaunchScreen;
				INFOPLIST_KEY_UISupportedInterfaceOrientations_iPad = "UIInterfaceOrientationPortrait UIInterfaceOrientationPortraitUpsideDown UIInterfaceOrientationLandscapeLeft UIInterfaceOrientationLandscapeRight";
				INFOPLIST_KEY_UISupportedInterfaceOrientations_iPhone = "UIInterfaceOrientationPortrait UIInterfaceOrientationLandscapeLeft UIInterfaceOrientationLandscapeRight";
				LD_RUNPATH_SEARCH_PATHS = (
					"$(inherited)",
					"@executable_path/Frameworks",
				);
				MARKETING_VERSION = 1.0;
				PRODUCT_BUNDLE_IDENTIFIER = "swift-tk.NetflixClone-Sample";
				PRODUCT_NAME = "$(TARGET_NAME)";
				SWIFT_EMIT_LOC_STRINGS = YES;
				SWIFT_VERSION = 5.0;
				TARGETED_DEVICE_FAMILY = "1,2";
			};
			name = Debug;
		};
		B4FA73F8281427690097AD1C /* Release */ = {
			isa = XCBuildConfiguration;
			buildSettings = {
				ASSETCATALOG_COMPILER_APPICON_NAME = AppIcon;
				ASSETCATALOG_COMPILER_GLOBAL_ACCENT_COLOR_NAME = AccentColor;
				CODE_SIGN_STYLE = Automatic;
				CURRENT_PROJECT_VERSION = 1;
				GENERATE_INFOPLIST_FILE = YES;
				INFOPLIST_FILE = "NetflixClone-Sample/Info.plist";
				INFOPLIST_KEY_UIApplicationSupportsIndirectInputEvents = YES;
				INFOPLIST_KEY_UILaunchStoryboardName = LaunchScreen;
				INFOPLIST_KEY_UISupportedInterfaceOrientations_iPad = "UIInterfaceOrientationPortrait UIInterfaceOrientationPortraitUpsideDown UIInterfaceOrientationLandscapeLeft UIInterfaceOrientationLandscapeRight";
				INFOPLIST_KEY_UISupportedInterfaceOrientations_iPhone = "UIInterfaceOrientationPortrait UIInterfaceOrientationLandscapeLeft UIInterfaceOrientationLandscapeRight";
				LD_RUNPATH_SEARCH_PATHS = (
					"$(inherited)",
					"@executable_path/Frameworks",
				);
				MARKETING_VERSION = 1.0;
				PRODUCT_BUNDLE_IDENTIFIER = "swift-tk.NetflixClone-Sample";
				PRODUCT_NAME = "$(TARGET_NAME)";
				SWIFT_EMIT_LOC_STRINGS = YES;
				SWIFT_VERSION = 5.0;
				TARGETED_DEVICE_FAMILY = "1,2";
			};
			name = Release;
		};
		B4FA73FA281427690097AD1C /* Debug */ = {
			isa = XCBuildConfiguration;
			buildSettings = {
				ALWAYS_EMBED_SWIFT_STANDARD_LIBRARIES = YES;
				BUNDLE_LOADER = "$(TEST_HOST)";
				CODE_SIGN_STYLE = Automatic;
				CURRENT_PROJECT_VERSION = 1;
				GENERATE_INFOPLIST_FILE = YES;
				IPHONEOS_DEPLOYMENT_TARGET = 15.2;
				MARKETING_VERSION = 1.0;
				PRODUCT_BUNDLE_IDENTIFIER = "swift-tk.NetflixClone-SampleTests";
				PRODUCT_NAME = "$(TARGET_NAME)";
				SWIFT_EMIT_LOC_STRINGS = NO;
				SWIFT_VERSION = 5.0;
				TARGETED_DEVICE_FAMILY = "1,2";
				TEST_HOST = "$(BUILT_PRODUCTS_DIR)/NetflixClone-Sample.app/NetflixClone-Sample";
			};
			name = Debug;
		};
		B4FA73FB281427690097AD1C /* Release */ = {
			isa = XCBuildConfiguration;
			buildSettings = {
				ALWAYS_EMBED_SWIFT_STANDARD_LIBRARIES = YES;
				BUNDLE_LOADER = "$(TEST_HOST)";
				CODE_SIGN_STYLE = Automatic;
				CURRENT_PROJECT_VERSION = 1;
				GENERATE_INFOPLIST_FILE = YES;
				IPHONEOS_DEPLOYMENT_TARGET = 15.2;
				MARKETING_VERSION = 1.0;
				PRODUCT_BUNDLE_IDENTIFIER = "swift-tk.NetflixClone-SampleTests";
				PRODUCT_NAME = "$(TARGET_NAME)";
				SWIFT_EMIT_LOC_STRINGS = NO;
				SWIFT_VERSION = 5.0;
				TARGETED_DEVICE_FAMILY = "1,2";
				TEST_HOST = "$(BUILT_PRODUCTS_DIR)/NetflixClone-Sample.app/NetflixClone-Sample";
			};
			name = Release;
		};
		B4FA73FD281427690097AD1C /* Debug */ = {
			isa = XCBuildConfiguration;
			buildSettings = {
				ALWAYS_EMBED_SWIFT_STANDARD_LIBRARIES = YES;
				CODE_SIGN_STYLE = Automatic;
				CURRENT_PROJECT_VERSION = 1;
				GENERATE_INFOPLIST_FILE = YES;
				MARKETING_VERSION = 1.0;
				PRODUCT_BUNDLE_IDENTIFIER = "swift-tk.NetflixClone-SampleUITests";
				PRODUCT_NAME = "$(TARGET_NAME)";
				SWIFT_EMIT_LOC_STRINGS = NO;
				SWIFT_VERSION = 5.0;
				TARGETED_DEVICE_FAMILY = "1,2";
				TEST_TARGET_NAME = "NetflixClone-Sample";
			};
			name = Debug;
		};
		B4FA73FE281427690097AD1C /* Release */ = {
			isa = XCBuildConfiguration;
			buildSettings = {
				ALWAYS_EMBED_SWIFT_STANDARD_LIBRARIES = YES;
				CODE_SIGN_STYLE = Automatic;
				CURRENT_PROJECT_VERSION = 1;
				GENERATE_INFOPLIST_FILE = YES;
				MARKETING_VERSION = 1.0;
				PRODUCT_BUNDLE_IDENTIFIER = "swift-tk.NetflixClone-SampleUITests";
				PRODUCT_NAME = "$(TARGET_NAME)";
				SWIFT_EMIT_LOC_STRINGS = NO;
				SWIFT_VERSION = 5.0;
				TARGETED_DEVICE_FAMILY = "1,2";
				TEST_TARGET_NAME = "NetflixClone-Sample";
			};
			name = Release;
		};
/* End XCBuildConfiguration section */

/* Begin XCConfigurationList section */
		B4FA73C7281427630097AD1C /* Build configuration list for PBXProject "NetflixClone-Sample" */ = {
			isa = XCConfigurationList;
			buildConfigurations = (
				B4FA73F4281427690097AD1C /* Debug */,
				B4FA73F5281427690097AD1C /* Release */,
			);
			defaultConfigurationIsVisible = 0;
			defaultConfigurationName = Release;
		};
		B4FA73F6281427690097AD1C /* Build configuration list for PBXNativeTarget "NetflixClone-Sample" */ = {
			isa = XCConfigurationList;
			buildConfigurations = (
				B4FA73F7281427690097AD1C /* Debug */,
				B4FA73F8281427690097AD1C /* Release */,
			);
			defaultConfigurationIsVisible = 0;
			defaultConfigurationName = Release;
		};
		B4FA73F9281427690097AD1C /* Build configuration list for PBXNativeTarget "NetflixClone-SampleTests" */ = {
			isa = XCConfigurationList;
			buildConfigurations = (
				B4FA73FA281427690097AD1C /* Debug */,
				B4FA73FB281427690097AD1C /* Release */,
			);
			defaultConfigurationIsVisible = 0;
			defaultConfigurationName = Release;
		};
		B4FA73FC281427690097AD1C /* Build configuration list for PBXNativeTarget "NetflixClone-SampleUITests" */ = {
			isa = XCConfigurationList;
			buildConfigurations = (
				B4FA73FD281427690097AD1C /* Debug */,
				B4FA73FE281427690097AD1C /* Release */,
			);
			defaultConfigurationIsVisible = 0;
			defaultConfigurationName = Release;
		};
/* End XCConfigurationList section */

/* Begin XCRemoteSwiftPackageReference section */
		B4FA742D281628E80097AD1C /* XCRemoteSwiftPackageReference "SDWebImage" */ = {
			isa = XCRemoteSwiftPackageReference;
			repositoryURL = "https://github.com/SDWebImage/SDWebImage";
			requirement = {
				branch = master;
				kind = branch;
			};
		};
/* End XCRemoteSwiftPackageReference section */

/* Begin XCSwiftPackageProductDependency section */
		B4FA742E281628E80097AD1C /* SDWebImage */ = {
			isa = XCSwiftPackageProductDependency;
			package = B4FA742D281628E80097AD1C /* XCRemoteSwiftPackageReference "SDWebImage" */;
			productName = SDWebImage;
		};
		B4FA7430281628E80097AD1C /* SDWebImageMapKit */ = {
			isa = XCSwiftPackageProductDependency;
			package = B4FA742D281628E80097AD1C /* XCRemoteSwiftPackageReference "SDWebImage" */;
			productName = SDWebImageMapKit;
		};
/* End XCSwiftPackageProductDependency section */

/* Begin XCVersionGroup section */
		B4FA74062814F20A0097AD1C /* NetflixCloneModel.xcdatamodeld */ = {
			isa = XCVersionGroup;
			children = (
				B4FA74072814F20A0097AD1C /* NetflixCloneModel.xcdatamodel */,
			);
			currentVersion = B4FA74072814F20A0097AD1C /* NetflixCloneModel.xcdatamodel */;
			path = NetflixCloneModel.xcdatamodeld;
			sourceTree = "<group>";
			versionGroupType = wrapper.xcdatamodel;
		};
/* End XCVersionGroup section */
	};
	rootObject = B4FA73C4281427630097AD1C /* Project object */;
}
